
Microsoft Visual Studio Solution File, Format Version 12.00
# Visual Studio Version 17
VisualStudioVersion = 17.2.32630.192
MinimumVisualStudioVersion = 10.0.40219.1
Project("{FAE04EC0-301F-11D3-BF4B-00C04F79EFBC}") = "PowerPosition", "PowerPosition\PowerPosition.csproj", "{920B06C3-8CFA-4A7A-B2A1-FE48DCCB5380}"
EndProject
Global
	GlobalSection(SolutionConfigurationPlatforms) = preSolution
		Debug|Any CPU = Debug|Any CPU
		Release|Any CPU = Release|Any CPU
	EndGlobalSection
	GlobalSection(ProjectConfigurationPlatforms) = postSolution
		{920B06C3-8CFA-4A7A-B2A1-FE48DCCB5380}.Debug|Any CPU.ActiveCfg = Debug|Any CPU
		{920B06C3-8CFA-4A7A-B2A1-FE48DCCB5380}.Debug|Any CPU.Build.0 = Debug|Any CPU
		{920B06C3-8CFA-4A7A-B2A1-FE48DCCB5380}.Release|Any CPU.ActiveCfg = Release|Any CPU
		{920B06C3-8CFA-4A7A-B2A1-FE48DCCB5380}.Release|Any CPU.Build.0 = Release|Any CPU
	EndGlobalSection
	GlobalSection(SolutionProperties) = preSolution
		HideSolutionNode = FALSE
	EndGlobalSection
	GlobalSection(ExtensibilityGlobals) = postSolution
		SolutionGuid = {5A71916B-9B4C-4BF4-8385-788E13066F31}
	EndGlobalSection
EndGlobal
